
Microsoft Visual Studio Solution File, Format Version 12.00
# Visual Studio Version 16
VisualStudioVersion = 16.0.30907.101
MinimumVisualStudioVersion = 10.0.40219.1
Project("{9A19103F-16F7-4668-BE54-9A1E7A4F7556}") = "RévisionLib", "RévisionLib\RévisionLib.csproj", "{6E52F610-C746-4420-A119-DA2D1B206388}"
EndProject
Project("{9A19103F-16F7-4668-BE54-9A1E7A4F7556}") = "ConsoleFonctions", "ConsoleFonctions\ConsoleFonctions.csproj", "{216971C4-D8A1-4FFE-8120-B8EBA75DFF90}"
EndProject
Project("{2150E333-8FDC-42A3-9474-1A3956D46DE8}") = "Solution Items", "Solution Items", "{FFBFFE01-981D-4E6A-9467-58A3EBFBB324}"
	ProjectSection(SolutionItems) = preProject
		.editorconfig = .editorconfig
	EndProjectSection
EndProject
Project("{FAE04EC0-301F-11D3-BF4B-00C04F79EFBC}") = "Tests", "Tests\Tests.csproj", "{06C6536E-2D75-4DC2-92B3-5D54DCF6E95A}"
EndProject
Global
	GlobalSection(SolutionConfigurationPlatforms) = preSolution
		Debug|Any CPU = Debug|Any CPU
		Release|Any CPU = Release|Any CPU
	EndGlobalSection
	GlobalSection(ProjectConfigurationPlatforms) = postSolution
		{6E52F610-C746-4420-A119-DA2D1B206388}.Debug|Any CPU.ActiveCfg = Debug|Any CPU
		{6E52F610-C746-4420-A119-DA2D1B206388}.Debug|Any CPU.Build.0 = Debug|Any CPU
		{6E52F610-C746-4420-A119-DA2D1B206388}.Release|Any CPU.ActiveCfg = Release|Any CPU
		{6E52F610-C746-4420-A119-DA2D1B206388}.Release|Any CPU.Build.0 = Release|Any CPU
		{216971C4-D8A1-4FFE-8120-B8EBA75DFF90}.Debug|Any CPU.ActiveCfg = Debug|Any CPU
		{216971C4-D8A1-4FFE-8120-B8EBA75DFF90}.Debug|Any CPU.Build.0 = Debug|Any CPU
		{216971C4-D8A1-4FFE-8120-B8EBA75DFF90}.Release|Any CPU.ActiveCfg = Release|Any CPU
		{216971C4-D8A1-4FFE-8120-B8EBA75DFF90}.Release|Any CPU.Build.0 = Release|Any CPU
		{06C6536E-2D75-4DC2-92B3-5D54DCF6E95A}.Debug|Any CPU.ActiveCfg = Debug|Any CPU
		{06C6536E-2D75-4DC2-92B3-5D54DCF6E95A}.Debug|Any CPU.Build.0 = Debug|Any CPU
		{06C6536E-2D75-4DC2-92B3-5D54DCF6E95A}.Release|Any CPU.ActiveCfg = Release|Any CPU
		{06C6536E-2D75-4DC2-92B3-5D54DCF6E95A}.Release|Any CPU.Build.0 = Release|Any CPU
	EndGlobalSection
	GlobalSection(SolutionProperties) = preSolution
		HideSolutionNode = FALSE
	EndGlobalSection
	GlobalSection(ExtensibilityGlobals) = postSolution
		SolutionGuid = {8E974F27-193A-4F66-BBE3-A98E0708FC7D}
	EndGlobalSection
EndGlobal
